// !$*UTF8*$!
{
	archiveVersion = 1;
	classes = {
	};
	objectVersion = 46;
	objects = {

/* Begin PBXBuildFile section */
		346C854D185C4001009156DD /* UIKit.framework in Frameworks */ = {isa = PBXBuildFile; fileRef = 346C854C185C4001009156DD /* UIKit.framework */; };
		346C854F185C4001009156DD /* Foundation.framework in Frameworks */ = {isa = PBXBuildFile; fileRef = 346C854E185C4001009156DD /* Foundation.framework */; };
		346C8551185C4001009156DD /* CoreGraphics.framework in Frameworks */ = {isa = PBXBuildFile; fileRef = 346C8550185C4001009156DD /* CoreGraphics.framework */; };
		346C8557185C4001009156DD /* InfoPlist.strings in Resources */ = {isa = PBXBuildFile; fileRef = 346C8555185C4001009156DD /* InfoPlist.strings */; };
		346C8559185C4001009156DD /* main.m in Sources */ = {isa = PBXBuildFile; fileRef = 346C8558185C4001009156DD /* main.m */; };
		346C855D185C4001009156DD /* MKLAppDelegate.m in Sources */ = {isa = PBXBuildFile; fileRef = 346C855C185C4001009156DD /* MKLAppDelegate.m */; };
		346C855F185C4001009156DD /* Default.png in Resources */ = {isa = PBXBuildFile; fileRef = 346C855E185C4001009156DD /* Default.png */; };
		346C8561185C4001009156DD /* Default@2x.png in Resources */ = {isa = PBXBuildFile; fileRef = 346C8560185C4001009156DD /* Default@2x.png */; };
		346C8563185C4001009156DD /* Default-568h@2x.png in Resources */ = {isa = PBXBuildFile; fileRef = 346C8562185C4001009156DD /* Default-568h@2x.png */; };
		346C8566185C4001009156DD /* MainStoryboard.storyboard in Resources */ = {isa = PBXBuildFile; fileRef = 346C8564185C4001009156DD /* MainStoryboard.storyboard */; };
		346C8569185C4001009156DD /* MKLViewController.m in Sources */ = {isa = PBXBuildFile; fileRef = 346C8568185C4001009156DD /* MKLViewController.m */; };
/* End PBXBuildFile section */

/* Begin PBXFileReference section */
		346C8548185C4001009156DD /* MKLOfficalApp.app */ = {isa = PBXFileReference; explicitFileType = wrapper.application; includeInIndex = 0; path = MKLOfficalApp.app; sourceTree = BUILT_PRODUCTS_DIR; };
		346C854C185C4001009156DD /* UIKit.framework */ = {isa = PBXFileReference; lastKnownFileType = wrapper.framework; name = UIKit.framework; path = System/Library/Frameworks/UIKit.framework; sourceTree = SDKROOT; };
		346C854E185C4001009156DD /* Foundation.framework */ = {isa = PBXFileReference; lastKnownFileType = wrapper.framework; name = Foundation.framework; path = System/Library/Frameworks/Foundation.framework; sourceTree = SDKROOT; };
		346C8550185C4001009156DD /* CoreGraphics.framework */ = {isa = PBXFileReference; lastKnownFileType = wrapper.framework; name = CoreGraphics.framework; path = System/Library/Frameworks/CoreGraphics.framework; sourceTree = SDKROOT; };
		346C8554185C4001009156DD /* MKLOfficalApp-Info.plist */ = {isa = PBXFileReference; lastKnownFileType = text.plist.xml; path = "MKLOfficalApp-Info.plist"; sourceTree = "<group>"; };
		346C8556185C4001009156DD /* en */ = {isa = PBXFileReference; lastKnownFileType = text.plist.strings; name = en; path = en.lproj/InfoPlist.strings; sourceTree = "<group>"; };
		346C8558185C4001009156DD /* main.m */ = {isa = PBXFileReference; lastKnownFileType = sourcecode.c.objc; path = main.m; sourceTree = "<group>"; };
		346C855A185C4001009156DD /* MKLOfficalApp-Prefix.pch */ = {isa = PBXFileReference; lastKnownFileType = sourcecode.c.h; path = "MKLOfficalApp-Prefix.pch"; sourceTree = "<group>"; };
		346C855B185C4001009156DD /* MKLAppDelegate.h */ = {isa = PBXFileReference; lastKnownFileType = sourcecode.c.h; path = MKLAppDelegate.h; sourceTree = "<group>"; };
		346C855C185C4001009156DD /* MKLAppDelegate.m */ = {isa = PBXFileReference; lastKnownFileType = sourcecode.c.objc; path = MKLAppDelegate.m; sourceTree = "<group>"; };
		346C855E185C4001009156DD /* Default.png */ = {isa = PBXFileReference; lastKnownFileType = image.png; path = Default.png; sourceTree = "<group>"; };
		346C8560185C4001009156DD /* Default@2x.png */ = {isa = PBXFileReference; lastKnownFileType = image.png; path = "Default@2x.png"; sourceTree = "<group>"; };
		346C8562185C4001009156DD /* Default-568h@2x.png */ = {isa = PBXFileReference; lastKnownFileType = image.png; path = "Default-568h@2x.png"; sourceTree = "<group>"; };
		346C8565185C4001009156DD /* en */ = {isa = PBXFileReference; lastKnownFileType = file.storyboard; name = en; path = en.lproj/MainStoryboard.storyboard; sourceTree = "<group>"; };
		346C8567185C4001009156DD /* MKLViewController.h */ = {isa = PBXFileReference; lastKnownFileType = sourcecode.c.h; path = MKLViewController.h; sourceTree = "<group>"; };
		346C8568185C4001009156DD /* MKLViewController.m */ = {isa = PBXFileReference; lastKnownFileType = sourcecode.c.objc; path = MKLViewController.m; sourceTree = "<group>"; };
/* End PBXFileReference section */

/* Begin PBXFrameworksBuildPhase section */
		346C8545185C4001009156DD /* Frameworks */ = {
			isa = PBXFrameworksBuildPhase;
			buildActionMask = 2147483647;
			files = (
				346C854D185C4001009156DD /* UIKit.framework in Frameworks */,
				346C854F185C4001009156DD /* Foundation.framework in Frameworks */,
				346C8551185C4001009156DD /* CoreGraphics.framework in Frameworks */,
			);
			runOnlyForDeploymentPostprocessing = 0;
		};
/* End PBXFrameworksBuildPhase section */

/* Begin PBXGroup section */
		346C853D185C4001009156DD = {
			isa = PBXGroup;
			children = (
				346C8552185C4001009156DD /* MKLOfficalApp */,
				346C854B185C4001009156DD /* Frameworks */,
				346C8549185C4001009156DD /* Products */,
			);
			sourceTree = "<group>";
		};
		346C8549185C4001009156DD /* Products */ = {
			isa = PBXGroup;
			children = (
				346C8548185C4001009156DD /* MKLOfficalApp.app */,
			);
			name = Products;
			sourceTree = "<group>";
		};
		346C854B185C4001009156DD /* Frameworks */ = {
			isa = PBXGroup;
			children = (
				346C854C185C4001009156DD /* UIKit.framework */,
				346C854E185C4001009156DD /* Foundation.framework */,
				346C8550185C4001009156DD /* CoreGraphics.framework */,
			);
			name = Frameworks;
			sourceTree = "<group>";
		};
		346C8552185C4001009156DD /* MKLOfficalApp */ = {
			isa = PBXGroup;
			children = (
				346C855B185C4001009156DD /* MKLAppDelegate.h */,
				346C855C185C4001009156DD /* MKLAppDelegate.m */,
				346C8564185C4001009156DD /* MainStoryboard.storyboard */,
				346C8567185C4001009156DD /* MKLViewController.h */,
				346C8568185C4001009156DD /* MKLViewController.m */,
				346C8553185C4001009156DD /* Supporting Files */,
			);
			path = MKLOfficalApp;
			sourceTree = "<group>";
		};
		346C8553185C4001009156DD /* Supporting Files */ = {
			isa = PBXGroup;
			children = (
				346C8554185C4001009156DD /* MKLOfficalApp-Info.plist */,
				346C8555185C4001009156DD /* InfoPlist.strings */,
				346C8558185C4001009156DD /* main.m */,
				346C855A185C4001009156DD /* MKLOfficalApp-Prefix.pch */,
				346C855E185C4001009156DD /* Default.png */,
				346C8560185C4001009156DD /* Default@2x.png */,
				346C8562185C4001009156DD /* Default-568h@2x.png */,
			);
			name = "Supporting Files";
			sourceTree = "<group>";
		};
/* End PBXGroup section */

/* Begin PBXNativeTarget section */
		346C8547185C4001009156DD /* MKLOfficalApp */ = {
			isa = PBXNativeTarget;
			buildConfigurationList = 346C856C185C4001009156DD /* Build configuration list for PBXNativeTarget "MKLOfficalApp" */;
			buildPhases = (
				346C8544185C4001009156DD /* Sources */,
				346C8545185C4001009156DD /* Frameworks */,
				346C8546185C4001009156DD /* Resources */,
			);
			buildRules = (
			);
			dependencies = (
			);
			name = MKLOfficalApp;
			productName = MKLOfficalApp;
			productReference = 346C8548185C4001009156DD /* MKLOfficalApp.app */;
			productType = "com.apple.product-type.application";
		};
/* End PBXNativeTarget section */

/* Begin PBXProject section */
		346C853F185C4001009156DD /* Project object */ = {
			isa = PBXProject;
			attributes = {
				CLASSPREFIX = MKL;
				LastUpgradeCheck = 0450;
				ORGANIZATIONNAME = matthew;
			};
			buildConfigurationList = 346C8542185C4001009156DD /* Build configuration list for PBXProject "MKLOfficalApp" */;
			compatibilityVersion = "Xcode 3.2";
			developmentRegion = English;
			hasScannedForEncodings = 0;
			knownRegions = (
				en,
			);
			mainGroup = 346C853D185C4001009156DD;
			productRefGroup = 346C8549185C4001009156DD /* Products */;
			projectDirPath = "";
			projectRoot = "";
			targets = (
				346C8547185C4001009156DD /* MKLOfficalApp */,
			);
		};
/* End PBXProject section */

/* Begin PBXResourcesBuildPhase section */
		346C8546185C4001009156DD /* Resources */ = {
			isa = PBXResourcesBuildPhase;
			buildActionMask = 2147483647;
			files = (
				346C8557185C4001009156DD /* InfoPlist.strings in Resources */,
				346C855F185C4001009156DD /* Default.png in Resources */,
				346C8561185C4001009156DD /* Default@2x.png in Resources */,
				346C8563185C4001009156DD /* Default-568h@2x.png in Resources */,
				346C8566185C4001009156DD /* MainStoryboard.storyboard in Resources */,
			);
			runOnlyForDeploymentPostprocessing = 0;
		};
/* End PBXResourcesBuildPhase section */

/* Begin PBXSourcesBuildPhase section */
		346C8544185C4001009156DD /* Sources */ = {
			isa = PBXSourcesBuildPhase;
			buildActionMask = 2147483647;
			files = (
				346C8559185C4001009156DD /* main.m in Sources */,
				346C855D185C4001009156DD /* MKLAppDelegate.m in Sources */,
				346C8569185C4001009156DD /* MKLViewController.m in Sources */,
			);
			runOnlyForDeploymentPostprocessing = 0;
		};
/* End PBXSourcesBuildPhase section */

/* Begin PBXVariantGroup section */
		346C8555185C4001009156DD /* InfoPlist.strings */ = {
			isa = PBXVariantGroup;
			children = (
				346C8556185C4001009156DD /* en */,
			);
			name = InfoPlist.strings;
			sourceTree = "<group>";
		};
		346C8564185C4001009156DD /* MainStoryboard.storyboard */ = {
			isa = PBXVariantGroup;
			children = (
				346C8565185C4001009156DD /* en */,
			);
			name = MainStoryboard.storyboard;
			sourceTree = "<group>";
		};
/* End PBXVariantGroup section */

/* Begin XCBuildConfiguration section */
		346C856A185C4001009156DD /* Debug */ = {
			isa = XCBuildConfiguration;
			buildSettings = {
				ALWAYS_SEARCH_USER_PATHS = NO;
				CLANG_CXX_LANGUAGE_STANDARD = "gnu++0x";
				CLANG_CXX_LIBRARY = "libc++";
				CLANG_ENABLE_OBJC_ARC = YES;
				CLANG_WARN_EMPTY_BODY = YES;
				CLANG_WARN__DUPLICATE_METHOD_MATCH = YES;
				"CODE_SIGN_IDENTITY[sdk=iphoneos*]" = "iPhone Developer";
				COPY_PHASE_STRIP = NO;
				GCC_C_LANGUAGE_STANDARD = gnu99;
				GCC_DYNAMIC_NO_PIC = NO;
				GCC_OPTIMIZATION_LEVEL = 0;
				GCC_PREPROCESSOR_DEFINITIONS = (
					"DEBUG=1",
					"$(inherited)",
				);
				GCC_SYMBOLS_PRIVATE_EXTERN = NO;
				GCC_WARN_ABOUT_RETURN_TYPE = YES;
				GCC_WARN_UNINITIALIZED_AUTOS = YES;
				GCC_WARN_UNUSED_VARIABLE = YES;
				IPHONEOS_DEPLOYMENT_TARGET = 6.0;
				ONLY_ACTIVE_ARCH = YES;
				SDKROOT = iphoneos;
			};
			name = Debug;
		};
		346C856B185C4001009156DD /* Release */ = {
			isa = XCBuildConfiguration;
			buildSettings = {
				ALWAYS_SEARCH_USER_PATHS = NO;
				CLANG_CXX_LANGUAGE_STANDARD = "gnu++0x";
				CLANG_CXX_LIBRARY = "libc++";
				CLANG_ENABLE_OBJC_ARC = YES;
				CLANG_WARN_EMPTY_BODY = YES;
				CLANG_WARN__DUPLICATE_METHOD_MATCH = YES;
				"CODE_SIGN_IDENTITY[sdk=iphoneos*]" = "iPhone Developer";
				COPY_PHASE_STRIP = YES;
				GCC_C_LANGUAGE_STANDARD = gnu99;
				GCC_WARN_ABOUT_RETURN_TYPE = YES;
				GCC_WARN_UNINITIALIZED_AUTOS = YES;
				GCC_WARN_UNUSED_VARIABLE = YES;
				IPHONEOS_DEPLOYMENT_TARGET = 6.0;
				OTHER_CFLAGS = "-DNS_BLOCK_ASSERTIONS=1";
				SDKROOT = iphoneos;
				VALIDATE_PRODUCT = YES;
			};
			name = Release;
		};
		346C856D185C4001009156DD /* Debug */ = {
			isa = XCBuildConfiguration;
			buildSettings = {
				GCC_PRECOMPILE_PREFIX_HEADER = YES;
				GCC_PREFIX_HEADER = "MKLOfficalApp/MKLOfficalApp-Prefix.pch";
				INFOPLIST_FILE = "MKLOfficalApp/MKLOfficalApp-Info.plist";
				PRODUCT_NAME = "$(TARGET_NAME)";
				WRAPPER_EXTENSION = app;
			};
			name = Debug;
		};
		346C856E185C4001009156DD /* Release */ = {
			isa = XCBuildConfiguration;
			buildSettings = {
				GCC_PRECOMPILE_PREFIX_HEADER = YES;
				GCC_PREFIX_HEADER = "MKLOfficalApp/MKLOfficalApp-Prefix.pch";
				INFOPLIST_FILE = "MKLOfficalApp/MKLOfficalApp-Info.plist";
				PRODUCT_NAME = "$(TARGET_NAME)";
				WRAPPER_EXTENSION = app;
			};
			name = Release;
		};
/* End XCBuildConfiguration section */

/* Begin XCConfigurationList section */
		346C8542185C4001009156DD /* Build configuration list for PBXProject "MKLOfficalApp" */ = {
			isa = XCConfigurationList;
			buildConfigurations = (
				346C856A185C4001009156DD /* Debug */,
				346C856B185C4001009156DD /* Release */,
			);
			defaultConfigurationIsVisible = 0;
			defaultConfigurationName = Release;
		};
		346C856C185C4001009156DD /* Build configuration list for PBXNativeTarget "MKLOfficalApp" */ = {
			isa = XCConfigurationList;
			buildConfigurations = (
				346C856D185C4001009156DD /* Debug */,
				346C856E185C4001009156DD /* Release */,
			);
			defaultConfigurationIsVisible = 0;
		};
/* End XCConfigurationList section */
	};
	rootObject = 346C853F185C4001009156DD /* Project object */;
}
