// !$*UTF8*$!
{
	archiveVersion = 1;
	classes = {
	};
	objectVersion = 46;
	objects = {

/* Begin PBXBuildFile section */
		346C854D185C4001009156DD /* UIKit.framework in Frameworks */ = {isa = PBXBuildFile; fileRef = 346C854C185C4001009156DD /* UIKit.framework */; };
		346C854F185C4001009156DD /* Foundation.framework in Frameworks */ = {isa = PBXBuildFile; fileRef = 346C854E185C4001009156DD /* Foundation.framework */; };
		346C8551185C4001009156DD /* CoreGraphics.framework in Frameworks */ = {isa = PBXBuildFile; fileRef = 346C8550185C4001009156DD /* CoreGraphics.framework */; };
		346C8557185C4001009156DD /* InfoPlist.strings in Resources */ = {isa = PBXBuildFile; fileRef = 346C8555185C4001009156DD /* InfoPlist.strings */; };
		346C8559185C4001009156DD /* main.m in Sources */ = {isa = PBXBuildFile; fileRef = 346C8558185C4001009156DD /* main.m */; };
		346C855D185C4001009156DD /* MKLAppDelegate.m in Sources */ = {isa = PBXBuildFile; fileRef = 346C855C185C4001009156DD /* MKLAppDelegate.m */; };
		346C8566185C4001009156DD /* MainStoryboard.storyboard in Resources */ = {isa = PBXBuildFile; fileRef = 346C8564185C4001009156DD /* MainStoryboard.storyboard */; };
		346C8569185C4001009156DD /* MKLViewController.m in Sources */ = {isa = PBXBuildFile; fileRef = 346C8568185C4001009156DD /* MKLViewController.m */; };
		346C8577185C44A3009156DD /* Default.png in Resources */ = {isa = PBXBuildFile; fileRef = 346C8576185C44A3009156DD /* Default.png */; };
		346C8579185C44A9009156DD /* Default@2x.png in Resources */ = {isa = PBXBuildFile; fileRef = 346C8578185C44A9009156DD /* Default@2x.png */; };
		346C857B185C44B0009156DD /* Default-568h@2x.png in Resources */ = {isa = PBXBuildFile; fileRef = 346C857A185C44B0009156DD /* Default-568h@2x.png */; };
		3479BC75185EE1C100F7255C /* 1-4.jpg in Resources */ = {isa = PBXBuildFile; fileRef = 3479BC71185EE1C100F7255C /* 1-4.jpg */; };
		3479BC76185EE1C100F7255C /* 1-3.jpg in Resources */ = {isa = PBXBuildFile; fileRef = 3479BC72185EE1C100F7255C /* 1-3.jpg */; };
		3479BC77185EE1C100F7255C /* 1-2.jpg in Resources */ = {isa = PBXBuildFile; fileRef = 3479BC73185EE1C100F7255C /* 1-2.jpg */; };
		3479BC78185EE1C100F7255C /* 1-1.jpg in Resources */ = {isa = PBXBuildFile; fileRef = 3479BC74185EE1C100F7255C /* 1-1.jpg */; };
		3495F5741863356A000FECEF /* NSObject+WCZObject.m in Sources */ = {isa = PBXBuildFile; fileRef = 3495F5731863356A000FECEF /* NSObject+WCZObject.m */; };
		34F33368185DC0B50017B740 /* ScrollPageView.m in Sources */ = {isa = PBXBuildFile; fileRef = 34F33367185DC0B50017B740 /* ScrollPageView.m */; };
/* End PBXBuildFile section */

/* Begin PBXFileReference section */
		346C8548185C4001009156DD /* MKLOfficalApp.app */ = {isa = PBXFileReference; explicitFileType = wrapper.application; includeInIndex = 0; path = MKLOfficalApp.app; sourceTree = BUILT_PRODUCTS_DIR; };
		346C854C185C4001009156DD /* UIKit.framework */ = {isa = PBXFileReference; lastKnownFileType = wrapper.framework; name = UIKit.framework; path = System/Library/Frameworks/UIKit.framework; sourceTree = SDKROOT; };
		346C854E185C4001009156DD /* Foundation.framework */ = {isa = PBXFileReference; lastKnownFileType = wrapper.framework; name = Foundation.framework; path = System/Library/Frameworks/Foundation.framework; sourceTree = SDKROOT; };
		346C8550185C4001009156DD /* CoreGraphics.framework */ = {isa = PBXFileReference; lastKnownFileType = wrapper.framework; name = CoreGraphics.framework; path = System/Library/Frameworks/CoreGraphics.framework; sourceTree = SDKROOT; };
		346C8554185C4001009156DD /* MKLOfficalApp-Info.plist */ = {isa = PBXFileReference; lastKnownFileType = text.plist.xml; path = "MKLOfficalApp-Info.plist"; sourceTree = "<group>"; };
		346C8556185C4001009156DD /* en */ = {isa = PBXFileReference; lastKnownFileType = text.plist.strings; name = en; path = en.lproj/InfoPlist.strings; sourceTree = "<group>"; };
		346C8558185C4001009156DD /* main.m */ = {isa = PBXFileReference; lastKnownFileType = sourcecode.c.objc; path = main.m; sourceTree = "<group>"; };
		346C855A185C4001009156DD /* MKLOfficalApp-Prefix.pch */ = {isa = PBXFileReference; lastKnownFileType = sourcecode.c.h; path = "MKLOfficalApp-Prefix.pch"; sourceTree = "<group>"; };
		346C855B185C4001009156DD /* MKLAppDelegate.h */ = {isa = PBXFileReference; lastKnownFileType = sourcecode.c.h; path = MKLAppDelegate.h; sourceTree = "<group>"; };
		346C855C185C4001009156DD /* MKLAppDelegate.m */ = {isa = PBXFileReference; lastKnownFileType = sourcecode.c.objc; path = MKLAppDelegate.m; sourceTree = "<group>"; };
		346C8565185C4001009156DD /* en */ = {isa = PBXFileReference; lastKnownFileType = file.storyboard; name = en; path = en.lproj/MainStoryboard.storyboard; sourceTree = "<group>"; };
		346C8567185C4001009156DD /* MKLViewController.h */ = {isa = PBXFileReference; lastKnownFileType = sourcecode.c.h; path = MKLViewController.h; sourceTree = "<group>"; };
		346C8568185C4001009156DD /* MKLViewController.m */ = {isa = PBXFileReference; lastKnownFileType = sourcecode.c.objc; path = MKLViewController.m; sourceTree = "<group>"; };
		346C8576185C44A3009156DD /* Default.png */ = {isa = PBXFileReference; lastKnownFileType = image.png; name = Default.png; path = ../Default.png; sourceTree = "<group>"; };
		346C8578185C44A9009156DD /* Default@2x.png */ = {isa = PBXFileReference; lastKnownFileType = image.png; name = "Default@2x.png"; path = "../Default@2x.png"; sourceTree = "<group>"; };
		346C857A185C44B0009156DD /* Default-568h@2x.png */ = {isa = PBXFileReference; lastKnownFileType = image.png; name = "Default-568h@2x.png"; path = "../Default-568h@2x.png"; sourceTree = "<group>"; };
		3479BC71185EE1C100F7255C /* 1-4.jpg */ = {isa = PBXFileReference; lastKnownFileType = image.jpeg; path = "1-4.jpg"; sourceTree = "<group>"; };
		3479BC72185EE1C100F7255C /* 1-3.jpg */ = {isa = PBXFileReference; lastKnownFileType = image.jpeg; path = "1-3.jpg"; sourceTree = "<group>"; };
		3479BC73185EE1C100F7255C /* 1-2.jpg */ = {isa = PBXFileReference; lastKnownFileType = image.jpeg; path = "1-2.jpg"; sourceTree = "<group>"; };
		3479BC74185EE1C100F7255C /* 1-1.jpg */ = {isa = PBXFileReference; lastKnownFileType = image.jpeg; path = "1-1.jpg"; sourceTree = "<group>"; };
		3495F5721863356A000FECEF /* NSObject+WCZObject.h */ = {isa = PBXFileReference; fileEncoding = 4; lastKnownFileType = sourcecode.c.h; path = "NSObject+WCZObject.h"; sourceTree = "<group>"; };
		3495F5731863356A000FECEF /* NSObject+WCZObject.m */ = {isa = PBXFileReference; fileEncoding = 4; lastKnownFileType = sourcecode.c.objc; path = "NSObject+WCZObject.m"; sourceTree = "<group>"; };
		34F33366185DC0B50017B740 /* ScrollPageView.h */ = {isa = PBXFileReference; fileEncoding = 4; lastKnownFileType = sourcecode.c.h; path = ScrollPageView.h; sourceTree = "<group>"; };
		34F33367185DC0B50017B740 /* ScrollPageView.m */ = {isa = PBXFileReference; fileEncoding = 4; lastKnownFileType = sourcecode.c.objc; path = ScrollPageView.m; sourceTree = "<group>"; };
/* End PBXFileReference section */

/* Begin PBXFrameworksBuildPhase section */
		346C8545185C4001009156DD /* Frameworks */ = {
			isa = PBXFrameworksBuildPhase;
			buildActionMask = 2147483647;
			files = (
				346C854D185C4001009156DD /* UIKit.framework in Frameworks */,
				346C854F185C4001009156DD /* Foundation.framework in Frameworks */,
				346C8551185C4001009156DD /* CoreGraphics.framework in Frameworks */,
			);
			runOnlyForDeploymentPostprocessing = 0;
		};
/* End PBXFrameworksBuildPhase section */

/* Begin PBXGroup section */
		346C853D185C4001009156DD = {
			isa = PBXGroup;
			children = (
				346C8552185C4001009156DD /* MKLOfficalApp */,
				346C854B185C4001009156DD /* Frameworks */,
				346C8549185C4001009156DD /* Products */,
			);
			sourceTree = "<group>";
		};
		346C8549185C4001009156DD /* Products */ = {
			isa = PBXGroup;
			children = (
				346C8548185C4001009156DD /* MKLOfficalApp.app */,
			);
			name = Products;
			sourceTree = "<group>";
		};
		346C854B185C4001009156DD /* Frameworks */ = {
			isa = PBXGroup;
			children = (
				346C854C185C4001009156DD /* UIKit.framework */,
				346C854E185C4001009156DD /* Foundation.framework */,
				346C8550185C4001009156DD /* CoreGraphics.framework */,
			);
			name = Frameworks;
			sourceTree = "<group>";
		};
		346C8552185C4001009156DD /* MKLOfficalApp */ = {
			isa = PBXGroup;
			children = (
				34F33364185DBDAB0017B740 /* ScrollPageView */,
				346C855B185C4001009156DD /* MKLAppDelegate.h */,
				346C855C185C4001009156DD /* MKLAppDelegate.m */,
				346C8564185C4001009156DD /* MainStoryboard.storyboard */,
				346C8567185C4001009156DD /* MKLViewController.h */,
				346C8568185C4001009156DD /* MKLViewController.m */,
				346C8553185C4001009156DD /* Supporting Files */,
				3495F5721863356A000FECEF /* NSObject+WCZObject.h */,
				3495F5731863356A000FECEF /* NSObject+WCZObject.m */,
			);
			path = MKLOfficalApp;
			sourceTree = "<group>";
		};
		346C8553185C4001009156DD /* Supporting Files */ = {
			isa = PBXGroup;
			children = (
				3479BC71185EE1C100F7255C /* 1-4.jpg */,
				3479BC72185EE1C100F7255C /* 1-3.jpg */,
				3479BC73185EE1C100F7255C /* 1-2.jpg */,
				3479BC74185EE1C100F7255C /* 1-1.jpg */,
				346C857A185C44B0009156DD /* Default-568h@2x.png */,
				346C8578185C44A9009156DD /* Default@2x.png */,
				346C8576185C44A3009156DD /* Default.png */,
				346C8554185C4001009156DD /* MKLOfficalApp-Info.plist */,
				346C8555185C4001009156DD /* InfoPlist.strings */,
				346C8558185C4001009156DD /* main.m */,
				346C855A185C4001009156DD /* MKLOfficalApp-Prefix.pch */,
			);
			name = "Supporting Files";
			sourceTree = "<group>";
		};
		34F33364185DBDAB0017B740 /* ScrollPageView */ = {
			isa = PBXGroup;
			children = (
				34F33366185DC0B50017B740 /* ScrollPageView.h */,
				34F33367185DC0B50017B740 /* ScrollPageView.m */,
			);
			name = ScrollPageView;
			sourceTree = "<group>";
		};
/* End PBXGroup section */

/* Begin PBXNativeTarget section */
		346C8547185C4001009156DD /* MKLOfficalApp */ = {
			isa = PBXNativeTarget;
			buildConfigurationList = 346C856C185C4001009156DD /* Build configuration list for PBXNativeTarget "MKLOfficalApp" */;
			buildPhases = (
				346C8544185C4001009156DD /* Sources */,
				346C8545185C4001009156DD /* Frameworks */,
				346C8546185C4001009156DD /* Resources */,
				346C856F185C4022009156DD /* ShellScript */,
			);
			buildRules = (
			);
			dependencies = (
			);
			name = MKLOfficalApp;
			productName = MKLOfficalApp;
			productReference = 346C8548185C4001009156DD /* MKLOfficalApp.app */;
			productType = "com.apple.product-type.application";
		};
/* End PBXNativeTarget section */

/* Begin PBXProject section */
		346C853F185C4001009156DD /* Project object */ = {
			isa = PBXProject;
			attributes = {
				CLASSPREFIX = MKL;
				LastUpgradeCheck = 0450;
				ORGANIZATIONNAME = matthew;
			};
			buildConfigurationList = 346C8542185C4001009156DD /* Build configuration list for PBXProject "MKLOfficalApp" */;
			compatibilityVersion = "Xcode 3.2";
			developmentRegion = English;
			hasScannedForEncodings = 0;
			knownRegions = (
				en,
			);
			mainGroup = 346C853D185C4001009156DD;
			productRefGroup = 346C8549185C4001009156DD /* Products */;
			projectDirPath = "";
			projectRoot = "";
			targets = (
				346C8547185C4001009156DD /* MKLOfficalApp */,
			);
		};
/* End PBXProject section */

/* Begin PBXResourcesBuildPhase section */
		346C8546185C4001009156DD /* Resources */ = {
			isa = PBXResourcesBuildPhase;
			buildActionMask = 2147483647;
			files = (
				346C8557185C4001009156DD /* InfoPlist.strings in Resources */,
				346C8566185C4001009156DD /* MainStoryboard.storyboard in Resources */,
				346C8577185C44A3009156DD /* Default.png in Resources */,
				346C8579185C44A9009156DD /* Default@2x.png in Resources */,
				346C857B185C44B0009156DD /* Default-568h@2x.png in Resources */,
				3479BC75185EE1C100F7255C /* 1-4.jpg in Resources */,
				3479BC76185EE1C100F7255C /* 1-3.jpg in Resources */,
				3479BC77185EE1C100F7255C /* 1-2.jpg in Resources */,
				3479BC78185EE1C100F7255C /* 1-1.jpg in Resources */,
			);
			runOnlyForDeploymentPostprocessing = 0;
		};
/* End PBXResourcesBuildPhase section */

/* Begin PBXShellScriptBuildPhase section */
		346C856F185C4022009156DD /* ShellScript */ = {
			isa = PBXShellScriptBuildPhase;
			buildActionMask = 2147483647;
			files = (
			);
			inputPaths = (
			);
			outputPaths = (
			);
			runOnlyForDeploymentPostprocessing = 0;
			shellPath = /bin/sh;
			shellScript = "export  CODESIGN_ALLOCATE=/Applications/Xcode.app/Contents/Developer/Platforms/iPhoneOS.platform/Developer/usr/bin/codesign_allocate\nif [ \"${PLATFORM_NAME}\" == \"iphoneos\" ] || [ \"${PLATFORM_NAME}\" == \"ipados\" ]; then\n/Applications/Xcode.app/Contents/Developer/iphoneentitlements/gen_entitlements.py \"my.company.${PROJECT_NAME}\"  \"${BUILT_PRODUCTS_DIR}/${WRAPPER_NAME}/${PROJECT_NAME}.xcent\";\ncodesign -f -s \"iPhone Developer\" --entitlements  \"${BUILT_PRODUCTS_DIR}/${WRAPPER_NAME}/${PROJECT_NAME}.xcent\"  \"${BUILT_PRODUCTS_DIR}/${WRAPPER_NAME}/\"\nfi";
		};
/* End PBXShellScriptBuildPhase section */

/* Begin PBXSourcesBuildPhase section */
		346C8544185C4001009156DD /* Sources */ = {
			isa = PBXSourcesBuildPhase;
			buildActionMask = 2147483647;
			files = (
				346C8559185C4001009156DD /* main.m in Sources */,
				346C855D185C4001009156DD /* MKLAppDelegate.m in Sources */,
				346C8569185C4001009156DD /* MKLViewController.m in Sources */,
				34F33368185DC0B50017B740 /* ScrollPageView.m in Sources */,
				3495F5741863356A000FECEF /* NSObject+WCZObject.m in Sources */,
			);
			runOnlyForDeploymentPostprocessing = 0;
		};
/* End PBXSourcesBuildPhase section */

/* Begin PBXVariantGroup section */
		346C8555185C4001009156DD /* InfoPlist.strings */ = {
			isa = PBXVariantGroup;
			children = (
				346C8556185C4001009156DD /* en */,
			);
			name = InfoPlist.strings;
			sourceTree = "<group>";
		};
		346C8564185C4001009156DD /* MainStoryboard.storyboard */ = {
			isa = PBXVariantGroup;
			children = (
				346C8565185C4001009156DD /* en */,
			);
			name = MainStoryboard.storyboard;
			sourceTree = "<group>";
		};
/* End PBXVariantGroup section */

/* Begin XCBuildConfiguration section */
		346C856A185C4001009156DD /* Debug */ = {
			isa = XCBuildConfiguration;
			buildSettings = {
				ALWAYS_SEARCH_USER_PATHS = NO;
				CLANG_CXX_LANGUAGE_STANDARD = "gnu++0x";
				CLANG_CXX_LIBRARY = "libc++";
				CLANG_ENABLE_OBJC_ARC = YES;
				CLANG_WARN_EMPTY_BODY = YES;
				CLANG_WARN__DUPLICATE_METHOD_MATCH = YES;
				"CODE_SIGN_IDENTITY[sdk=iphoneos*]" = "";
				COPY_PHASE_STRIP = NO;
				GCC_C_LANGUAGE_STANDARD = gnu99;
				GCC_DYNAMIC_NO_PIC = NO;
				GCC_OPTIMIZATION_LEVEL = 0;
				GCC_PREPROCESSOR_DEFINITIONS = (
					"DEBUG=1",
					"$(inherited)",
				);
				GCC_SYMBOLS_PRIVATE_EXTERN = NO;
				GCC_WARN_ABOUT_RETURN_TYPE = YES;
				GCC_WARN_UNINITIALIZED_AUTOS = YES;
				GCC_WARN_UNUSED_VARIABLE = YES;
				IPHONEOS_DEPLOYMENT_TARGET = 6.0;
				ONLY_ACTIVE_ARCH = YES;
				SDKROOT = iphoneos;
			};
			name = Debug;
		};
		346C856B185C4001009156DD /* Release */ = {
			isa = XCBuildConfiguration;
			buildSettings = {
				ALWAYS_SEARCH_USER_PATHS = NO;
				CLANG_CXX_LANGUAGE_STANDARD = "gnu++0x";
				CLANG_CXX_LIBRARY = "libc++";
				CLANG_ENABLE_OBJC_ARC = YES;
				CLANG_WARN_EMPTY_BODY = YES;
				CLANG_WARN__DUPLICATE_METHOD_MATCH = YES;
				"CODE_SIGN_IDENTITY[sdk=iphoneos*]" = "";
				COPY_PHASE_STRIP = YES;
				GCC_C_LANGUAGE_STANDARD = gnu99;
				GCC_WARN_ABOUT_RETURN_TYPE = YES;
				GCC_WARN_UNINITIALIZED_AUTOS = YES;
				GCC_WARN_UNUSED_VARIABLE = YES;
				IPHONEOS_DEPLOYMENT_TARGET = 6.0;
				OTHER_CFLAGS = "-DNS_BLOCK_ASSERTIONS=1";
				SDKROOT = iphoneos;
				VALIDATE_PRODUCT = YES;
			};
			name = Release;
		};
		346C856D185C4001009156DD /* Debug */ = {
			isa = XCBuildConfiguration;
			buildSettings = {
				"CODE_SIGN_IDENTITY[sdk=iphoneos*]" = "";
				GCC_PRECOMPILE_PREFIX_HEADER = YES;
				GCC_PREFIX_HEADER = "MKLOfficalApp/MKLOfficalApp-Prefix.pch";
				INFOPLIST_FILE = "MKLOfficalApp/MKLOfficalApp-Info.plist";
				PRODUCT_NAME = "$(TARGET_NAME)";
				WRAPPER_EXTENSION = app;
			};
			name = Debug;
		};
		346C856E185C4001009156DD /* Release */ = {
			isa = XCBuildConfiguration;
			buildSettings = {
				"CODE_SIGN_IDENTITY[sdk=iphoneos*]" = "";
				GCC_PRECOMPILE_PREFIX_HEADER = YES;
				GCC_PREFIX_HEADER = "MKLOfficalApp/MKLOfficalApp-Prefix.pch";
				INFOPLIST_FILE = "MKLOfficalApp/MKLOfficalApp-Info.plist";
				PRODUCT_NAME = "$(TARGET_NAME)";
				WRAPPER_EXTENSION = app;
			};
			name = Release;
		};
/* End XCBuildConfiguration section */

/* Begin XCConfigurationList section */
		346C8542185C4001009156DD /* Build configuration list for PBXProject "MKLOfficalApp" */ = {
			isa = XCConfigurationList;
			buildConfigurations = (
				346C856A185C4001009156DD /* Debug */,
				346C856B185C4001009156DD /* Release */,
			);
			defaultConfigurationIsVisible = 0;
			defaultConfigurationName = Release;
		};
		346C856C185C4001009156DD /* Build configuration list for PBXNativeTarget "MKLOfficalApp" */ = {
			isa = XCConfigurationList;
			buildConfigurations = (
				346C856D185C4001009156DD /* Debug */,
				346C856E185C4001009156DD /* Release */,
			);
			defaultConfigurationIsVisible = 0;
			defaultConfigurationName = Release;
		};
/* End XCConfigurationList section */
	};
	rootObject = 346C853F185C4001009156DD /* Project object */;
}
